{
  "name": "social-media-with-node",
  "version": "1.0.0",
  "lockfileVersion": 3,
  "requires": true,
  "packages": {
    "": {
      "name": "social-media-with-node",
      "version": "1.0.0",
      "license": "ISC",
      "dependencies": {
        "bash": "^0.0.1"
      },
      "devDependencies": {}
    },
    "node_modules/bash": {
      "version": "0.0.1",
      "resolved": "https://registry.npmjs.org/bash/-/bash-0.0.1.tgz",
      "integrity": "sha512-5hOttlJ2LXV7XmahX/cYwoezrqEGMdy5Uie4dj4yvw4scR0WrJmlQfufqPf24Mt6Bk6SbE9j87k02yBMfoQqVQ==",
      "engines": {
        "node": "*"
      }
    }
  }
}
